
Microsoft Visual Studio Solution File, Format Version 12.00
# Visual Studio Version 17
VisualStudioVersion = 17.3.32929.385
MinimumVisualStudioVersion = 10.0.40219.1
Project("{888888A0-9F3D-457C-B088-3A5042F75D52}") = "Diferenca", "Diferenca\Diferenca.pyproj", "{BFF6EFBA-E7A8-4FBB-B482-CFB6BBD40C32}"
EndProject
Global
	GlobalSection(SolutionConfigurationPlatforms) = preSolution
		Debug|Any CPU = Debug|Any CPU
		Release|Any CPU = Release|Any CPU
	EndGlobalSection
	GlobalSection(ProjectConfigurationPlatforms) = postSolution
		{BFF6EFBA-E7A8-4FBB-B482-CFB6BBD40C32}.Debug|Any CPU.ActiveCfg = Debug|Any CPU
		{BFF6EFBA-E7A8-4FBB-B482-CFB6BBD40C32}.Release|Any CPU.ActiveCfg = Release|Any CPU
	EndGlobalSection
	GlobalSection(SolutionProperties) = preSolution
		HideSolutionNode = FALSE
	EndGlobalSection
	GlobalSection(ExtensibilityGlobals) = postSolution
		SolutionGuid = {082AF858-747A-44ED-91C2-AB98942C67F1}
	EndGlobalSection
EndGlobal
