
Microsoft Visual Studio Solution File, Format Version 12.00
# Visual Studio Version 17
VisualStudioVersion = 17.3.32929.385
MinimumVisualStudioVersion = 10.0.40219.1
Project("{888888A0-9F3D-457C-B088-3A5042F75D52}") = "SomaSimples", "SomaSimples\SomaSimples.pyproj", "{1D7E35F2-AE63-4679-97B2-F7DCB2479C4B}"
EndProject
Global
	GlobalSection(SolutionConfigurationPlatforms) = preSolution
		Debug|Any CPU = Debug|Any CPU
		Release|Any CPU = Release|Any CPU
	EndGlobalSection
	GlobalSection(ProjectConfigurationPlatforms) = postSolution
		{1D7E35F2-AE63-4679-97B2-F7DCB2479C4B}.Debug|Any CPU.ActiveCfg = Debug|Any CPU
		{1D7E35F2-AE63-4679-97B2-F7DCB2479C4B}.Release|Any CPU.ActiveCfg = Release|Any CPU
	EndGlobalSection
	GlobalSection(SolutionProperties) = preSolution
		HideSolutionNode = FALSE
	EndGlobalSection
	GlobalSection(ExtensibilityGlobals) = postSolution
		SolutionGuid = {B0574D41-4A7E-4EBB-8D54-93F5751B1C7A}
	EndGlobalSection
EndGlobal
