
Microsoft Visual Studio Solution File, Format Version 12.00
# Visual Studio Version 17
VisualStudioVersion = 17.3.32929.385
MinimumVisualStudioVersion = 10.0.40219.1
Project("{FAE04EC0-301F-11D3-BF4B-00C04F79EFBC}") = "ClassTriangulo", "ClassTriangulo\ClassTriangulo.csproj", "{809EC301-4F0F-4BB7-97C7-22A58590EA9D}"
EndProject
Global
	GlobalSection(SolutionConfigurationPlatforms) = preSolution
		Debug|Any CPU = Debug|Any CPU
		Release|Any CPU = Release|Any CPU
	EndGlobalSection
	GlobalSection(ProjectConfigurationPlatforms) = postSolution
		{809EC301-4F0F-4BB7-97C7-22A58590EA9D}.Debug|Any CPU.ActiveCfg = Debug|Any CPU
		{809EC301-4F0F-4BB7-97C7-22A58590EA9D}.Debug|Any CPU.Build.0 = Debug|Any CPU
		{809EC301-4F0F-4BB7-97C7-22A58590EA9D}.Release|Any CPU.ActiveCfg = Release|Any CPU
		{809EC301-4F0F-4BB7-97C7-22A58590EA9D}.Release|Any CPU.Build.0 = Release|Any CPU
	EndGlobalSection
	GlobalSection(SolutionProperties) = preSolution
		HideSolutionNode = FALSE
	EndGlobalSection
	GlobalSection(ExtensibilityGlobals) = postSolution
		SolutionGuid = {D1D89B02-72B5-482E-BC8F-BDE53610110F}
	EndGlobalSection
EndGlobal
